
Microsoft Visual Studio Solution File, Format Version 12.00
# Visual Studio 15
VisualStudioVersion = 15.0.28307.421
MinimumVisualStudioVersion = 10.0.40219.1
Project("{FAE04EC0-301F-11D3-BF4B-00C04F79EFBC}") = "MVCTest", "MVCTest\MVCTest.csproj", "{28FC56BD-3915-49F4-B764-D38690110955}"
EndProject
Project("{FAE04EC0-301F-11D3-BF4B-00C04F79EFBC}") = "MVCTest.Tests", "MVCTest.Tests\MVCTest.Tests.csproj", "{0BC728A8-EBBA-40F0-AD05-7EEF8E406766}"
EndProject
Global
	GlobalSection(SolutionConfigurationPlatforms) = preSolution
		Debug|Any CPU = Debug|Any CPU
		Release|Any CPU = Release|Any CPU
	EndGlobalSection
	GlobalSection(ProjectConfigurationPlatforms) = postSolution
		{28FC56BD-3915-49F4-B764-D38690110955}.Debug|Any CPU.ActiveCfg = Debug|Any CPU
		{28FC56BD-3915-49F4-B764-D38690110955}.Debug|Any CPU.Build.0 = Debug|Any CPU
		{28FC56BD-3915-49F4-B764-D38690110955}.Release|Any CPU.ActiveCfg = Release|Any CPU
		{28FC56BD-3915-49F4-B764-D38690110955}.Release|Any CPU.Build.0 = Release|Any CPU
		{0BC728A8-EBBA-40F0-AD05-7EEF8E406766}.Debug|Any CPU.ActiveCfg = Debug|Any CPU
		{0BC728A8-EBBA-40F0-AD05-7EEF8E406766}.Debug|Any CPU.Build.0 = Debug|Any CPU
		{0BC728A8-EBBA-40F0-AD05-7EEF8E406766}.Release|Any CPU.ActiveCfg = Release|Any CPU
		{0BC728A8-EBBA-40F0-AD05-7EEF8E406766}.Release|Any CPU.Build.0 = Release|Any CPU
	EndGlobalSection
	GlobalSection(SolutionProperties) = preSolution
		HideSolutionNode = FALSE
	EndGlobalSection
	GlobalSection(ExtensibilityGlobals) = postSolution
		SolutionGuid = {DADACC67-73E5-4C63-ACF2-0F80723A6564}
	EndGlobalSection
EndGlobal
